github.com/antihax/optional v1.0.0 h1:xK2lYat7ZLaVVcIuj82J8kIro4V6kDe0AUDFboUCwcg=
github.com/antihax/optional v1.0.0/go.mod h1:uupD/76wgC+ih3iEmQUL+0Ugr19nfwCT1kdvxnR2qWY=
github.com/imtlab/go-iconik/shared v0.0.0-20230130052746-356931c3b935 h1:jQHX9CyRaDwRPkJ/s6bVYVA5FqPZpwz3Hb2yTYdN4xg=
github.com/imtlab/go-iconik/shared v0.0.0-20230130052746-356931c3b935/go.mod h1:D/jVsWMGQuQloO6kg0ae6Bnk0ltmYcOg7bE8M4QhRCE=
